
Microsoft Visual Studio Solution File, Format Version 12.00
# Visual Studio Version 17
VisualStudioVersion = 17.9.34728.123
MinimumVisualStudioVersion = 10.0.40219.1
Project("{9A19103F-16F7-4668-BE54-9A1E7A4F7556}") = "RBN_FE", "RBN_FE\RBN_FE.csproj", "{F476612E-F865-4B86-9D07-74A29867A01C}"
EndProject
Project("{9A19103F-16F7-4668-BE54-9A1E7A4F7556}") = "BusinessObject", "..\Exe201_RBN\BusinessObject\BusinessObject.csproj", "{24674B21-506D-4417-A9C3-4D604351E2CD}"
EndProject
Global
	GlobalSection(SolutionConfigurationPlatforms) = preSolution
		Debug|Any CPU = Debug|Any CPU
		Release|Any CPU = Release|Any CPU
	EndGlobalSection
	GlobalSection(ProjectConfigurationPlatforms) = postSolution
		{F476612E-F865-4B86-9D07-74A29867A01C}.Debug|Any CPU.ActiveCfg = Debug|Any CPU
		{F476612E-F865-4B86-9D07-74A29867A01C}.Debug|Any CPU.Build.0 = Debug|Any CPU
		{F476612E-F865-4B86-9D07-74A29867A01C}.Release|Any CPU.ActiveCfg = Release|Any CPU
		{F476612E-F865-4B86-9D07-74A29867A01C}.Release|Any CPU.Build.0 = Release|Any CPU
		{24674B21-506D-4417-A9C3-4D604351E2CD}.Debug|Any CPU.ActiveCfg = Debug|Any CPU
		{24674B21-506D-4417-A9C3-4D604351E2CD}.Debug|Any CPU.Build.0 = Debug|Any CPU
		{24674B21-506D-4417-A9C3-4D604351E2CD}.Release|Any CPU.ActiveCfg = Release|Any CPU
		{24674B21-506D-4417-A9C3-4D604351E2CD}.Release|Any CPU.Build.0 = Release|Any CPU
	EndGlobalSection
	GlobalSection(SolutionProperties) = preSolution
		HideSolutionNode = FALSE
	EndGlobalSection
	GlobalSection(ExtensibilityGlobals) = postSolution
		SolutionGuid = {CC4C114E-9A0C-47B9-A7AA-FD1DE0E93E83}
	EndGlobalSection
EndGlobal
